
Microsoft Visual Studio Solution File, Format Version 12.00
# Visual Studio Version 16
VisualStudioVersion = 16.0.29728.190
MinimumVisualStudioVersion = 10.0.40219.1
Project("{9A19103F-16F7-4668-BE54-9A1E7A4F7556}") = "Lab 9", "Lab 9\Lab 9.csproj", "{238B445B-4868-442C-99CE-AB0EDD9D7D2D}"
EndProject
Project("{FAE04EC0-301F-11D3-BF4B-00C04F79EFBC}") = "UnitTestProject1", "UnitTestProject1\UnitTestProject1.csproj", "{840F51B4-9A11-45B8-9839-42F8D61FACF8}"
EndProject
Global
	GlobalSection(SolutionConfigurationPlatforms) = preSolution
		Debug|Any CPU = Debug|Any CPU
		Release|Any CPU = Release|Any CPU
	EndGlobalSection
	GlobalSection(ProjectConfigurationPlatforms) = postSolution
		{238B445B-4868-442C-99CE-AB0EDD9D7D2D}.Debug|Any CPU.ActiveCfg = Debug|Any CPU
		{238B445B-4868-442C-99CE-AB0EDD9D7D2D}.Debug|Any CPU.Build.0 = Debug|Any CPU
		{238B445B-4868-442C-99CE-AB0EDD9D7D2D}.Release|Any CPU.ActiveCfg = Release|Any CPU
		{238B445B-4868-442C-99CE-AB0EDD9D7D2D}.Release|Any CPU.Build.0 = Release|Any CPU
		{840F51B4-9A11-45B8-9839-42F8D61FACF8}.Debug|Any CPU.ActiveCfg = Debug|Any CPU
		{840F51B4-9A11-45B8-9839-42F8D61FACF8}.Debug|Any CPU.Build.0 = Debug|Any CPU
		{840F51B4-9A11-45B8-9839-42F8D61FACF8}.Release|Any CPU.ActiveCfg = Release|Any CPU
		{840F51B4-9A11-45B8-9839-42F8D61FACF8}.Release|Any CPU.Build.0 = Release|Any CPU
	EndGlobalSection
	GlobalSection(SolutionProperties) = preSolution
		HideSolutionNode = FALSE
	EndGlobalSection
	GlobalSection(ExtensibilityGlobals) = postSolution
		SolutionGuid = {8249FBFE-2F42-4F9B-8C68-BA453B900A18}
	EndGlobalSection
EndGlobal
